{
    "_meta": {
        "hash": {
            "sha256": "ea1d6e1e97fd210ba27703723ff252bdd7eab1a93b59d9a2984b2393d56888ed"
        },
        "pipfile-spec": 6,
        "requires": {
            "python_version": "3.8"
        },
        "sources": [
            {
                "name": "pypi",
                "url": "https://pypi.org/simple",
                "verify_ssl": true
            }
        ]
    },
    "default": {
        "cvxopt": {
            "hashes": [
                "sha256:03bbfe48b9d6148064cc5af9cfb288de3c99cbe93601aa2de65c61d3c7253bad",
                "sha256:0cdf9abac90cdd727558f57588e776f6cdb12362f6adf2cb4d2b6d629d9125c8",
                "sha256:1381315f68f728a3fab4eba1c2352605f074b10494ebe8fe008b0947ce13b589",
                "sha256:22fb842920fcaf8adb9a60cf9af9401363b32430150986d7191e9504b0235254",
                "sha256:2c292500d8252d6895ab998f84d7c1724a272ee4e9851ca74b2947429cb2b087",
                "sha256:3f9db1f4d4e820aaea81d6fc21054c89dc6327c84f935dd5a1eda1af11e1d504",
                "sha256:4ed667bd82f91b832d33f14f535deb66c8eb0a3ad0c5f9e9cbd0a10523ff79bc",
                "sha256:6c6fa32cc49eaa89f8ed00c03e4717854827e0753c7da0026e934d5c24c5dd28",
                "sha256:6cd7e6cd626e202b085995e63805b645567bfe3bd133cdc2cdb89b9842062081",
                "sha256:712975afb3ed3d14dea2ab1eca774b70f2b58db61a88e70708c912e15339113c",
                "sha256:8002390c4a8b55fbf4011cf6e663f0b219459edf2423e9791e393b92e41cf8c8",
                "sha256:803a1c2bdce5f15fe0f20f0a26e39a251cede121091317f91ef1bcfd73f7ef38",
                "sha256:97262506af8c5fffadcabb4b0ed9caa67ab94c46e08e16b563736a274f7b8601",
                "sha256:ac02d62a311b84d3b88ea8472052d85e72714e96024608542d48eb04a788b4d7",
                "sha256:b2c30772b8d0cd4ae528af60c3ac732c07670c65f0539746f9a30eb14c5d7a17",
                "sha256:b55ebc43095ca29b4c835bdc22f2a2c4df06ccbbb9fa6a7e6096dceefd412b4f",
                "sha256:b6604befe48283f6d71a31d10a6a286e13c11644dd34e108d873293aa5ccec8d",
                "sha256:bc0d997e8ca3fb8eab733cc7c32eff8137890637de24f7b0d892ad185fbc54e6",
                "sha256:c91ae903b69cc1bed7a58ea1bbc74f19daec9f03a7d09c41abb21c5328d2ea58",
                "sha256:dd87afaa82bc4f0b4436eeeee0c0c86cd504bf519d7b0fe28057be7479676b51",
                "sha256:ec6e46c3392adaae455286aab02daf03ccf3878a543de4c18f11ea6e1131c74b",
                "sha256:fac53f7d2814278475ecd9f2f22e997a92fbf7f044672caee946d9773c79fef9"
            ],
            "index": "pypi",
            "version": "==1.2.7"
        },
        "numpy": {
            "hashes": [
                "sha256:0b78ecfa070460104934e2caf51694ccd00f37d5e5dbe76f021b1b0b0d221823",
                "sha256:1247ef28387b7bb7f21caf2dbe4767f4f4175df44d30604d42ad9bd701ebb31f",
                "sha256:1403b4e2181fc72664737d848b60e65150f272fe5a1c1cbc16145ed43884065a",
                "sha256:170b2a0805c6891ca78c1d96ee72e4c3ed1ae0a992c75444b6ab20ff038ba2cd",
                "sha256:2e4ed57f45f0aa38beca2a03b6532e70e548faf2debbeb3291cfc9b315d9be8f",
                "sha256:32fe5b12061f6446adcbb32cf4060a14741f9c21e15aaee59a207b6ce6423469",
                "sha256:34f3456f530ae8b44231c63082c8899fe9c983fd9b108c997c4b1c8c2d435333",
                "sha256:4c9c23158b87ed0e70d9a50c67e5c0b3f75bcf2581a8e34668d4e9d7474d76c6",
                "sha256:5d95668e727c75b3f5088ec7700e260f90ec83f488e4c0aaccb941148b2cd377",
                "sha256:615d4e328af7204c13ae3d4df7615a13ff60a49cb0d9106fde07f541207883ca",
                "sha256:69077388c5a4b997442b843dbdc3a85b420fb693ec8e33020bb24d647c164fa5",
                "sha256:74b85a17528ca60cf98381a5e779fc0264b4a88b46025e6bcbe9621f46bb3e63",
                "sha256:81225e58ef5fce7f1d80399575576fc5febec79a8a2742e8ef86d7b03beef49f",
                "sha256:8890b3360f345e8360133bc078d2dacc2843b6ee6059b568781b15b97acbe39f",
                "sha256:92aafa03da8658609f59f18722b88f0a73a249101169e28415b4fa148caf7e41",
                "sha256:9864424631775b0c052f3bd98bc2712d131b3e2cd95d1c0c68b91709170890b0",
                "sha256:9e6f5f50d1eff2f2f752b3089a118aee1ea0da63d56c44f3865681009b0af162",
                "sha256:a3deb31bc84f2b42584b8c4001c85d1934dbfb4030827110bc36bfd11509b7bf",
                "sha256:ad010846cdffe7ec27e3f933397f8a8d6c801a48634f419e3d075db27acf5880",
                "sha256:b1e2312f5b8843a3e4e8224b2b48fe16119617b8fc0a54df8f50098721b5bed2",
                "sha256:bc988afcea53e6156546e5b2885b7efab089570783d9d82caf1cfd323b0bb3dd",
                "sha256:c449eb870616a7b62e097982c622d2577b3dbc800aaf8689254ec6e0197cbf1e",
                "sha256:c74c699b122918a6c4611285cc2cad4a3aafdb135c22a16ec483340ef97d573c",
                "sha256:c885bfc07f77e8fee3dc879152ba993732601f1f11de248d4f357f0ffea6a6d4",
                "sha256:e3c3e990274444031482a31280bf48674441e0a5b55ddb168f3a6db3e0c38ec8",
                "sha256:e4799be6a2d7d3c33699a6f77201836ac975b2e1b98c2a07f66a38f499cb50ce",
                "sha256:e6c76a87633aa3fa16614b61ccedfae45b91df2767cf097aa9c933932a7ed1e0",
                "sha256:e89717274b41ebd568cd7943fc9418eeb49b1785b66031bc8a7f6300463c5898",
                "sha256:f5162ec777ba7138906c9c274353ece5603646c6965570d82905546579573f73",
                "sha256:fde96af889262e85aa033f8ee1d3241e32bf36228318a61f1ace579df4e8170d"
            ],
            "markers": "python_version < '3.10' and platform_machine != 'aarch64' and platform_machine != 'arm64'",
            "version": "==1.21.4"
        },
        "pandas": {
            "hashes": [
                "sha256:003ba92db58b71a5f8add604a17a059f3068ef4e8c0c365b088468d0d64935fd",
                "sha256:10e10a2527db79af6e830c3d5842a4d60383b162885270f8cffc15abca4ba4a9",
                "sha256:22808afb8f96e2269dcc5b846decacb2f526dd0b47baebc63d913bf847317c8f",
                "sha256:2d1dc09c0013d8faa7474574d61b575f9af6257ab95c93dcf33a14fd8d2c1bab",
                "sha256:35c77609acd2e4d517da41bae0c11c70d31c87aae8dd1aabd2670906c6d2c143",
                "sha256:372d72a3d8a5f2dbaf566a5fa5fa7f230842ac80f29a931fb4b071502cf86b9a",
                "sha256:42493f8ae67918bf129869abea8204df899902287a7f5eaf596c8e54e0ac7ff4",
                "sha256:4acc28364863127bca1029fb72228e6f473bb50c32e77155e80b410e2068eeac",
                "sha256:5298a733e5bfbb761181fd4672c36d0c627320eb999c59c65156c6a90c7e1b4f",
                "sha256:5ba0aac1397e1d7b654fccf263a4798a9e84ef749866060d19e577e927d66e1b",
                "sha256:9707bdc1ea9639c886b4d3be6e2a45812c1ac0c2080f94c31b71c9fa35556f9b",
                "sha256:a2aa18d3f0b7d538e21932f637fbfe8518d085238b429e4790a35e1e44a96ffc",
                "sha256:a388960f979665b447f0847626e40f99af8cf191bce9dc571d716433130cb3a7",
                "sha256:a51528192755f7429c5bcc9e80832c517340317c861318fea9cea081b57c9afd",
                "sha256:b528e126c13816a4374e56b7b18bfe91f7a7f6576d1aadba5dee6a87a7f479ae",
                "sha256:c1aa4de4919358c5ef119f6377bc5964b3a7023c23e845d9db7d9016fa0c5b1c",
                "sha256:c2646458e1dce44df9f71a01dc65f7e8fa4307f29e5c0f2f92c97f47a5bf22f5",
                "sha256:c2f44425594ae85e119459bb5abb0748d76ef01d9c08583a667e3339e134218e",
                "sha256:d47750cf07dee6b55d8423471be70d627314277976ff2edd1381f02d52dbadf9",
                "sha256:d99d2350adb7b6c3f7f8f0e5dfb7d34ff8dd4bc0a53e62c445b7e43e163fce63",
                "sha256:dd324f8ee05925ee85de0ea3f0d66e1362e8c80799eb4eb04927d32335a3e44a",
                "sha256:eaca36a80acaacb8183930e2e5ad7f71539a66805d6204ea88736570b2876a7b",
                "sha256:f567e972dce3bbc3a8076e0b675273b4a9e8576ac629149cf8286ee13c259ae5",
                "sha256:fe48e4925455c964db914b958f6e7032d285848b7538a5e1b19aeb26ffaea3ec"
            ],
            "index": "pypi",
            "version": "==1.3.4"
        },
        "pillow": {
            "hashes": [
                "sha256:066f3999cb3b070a95c3652712cffa1a748cd02d60ad7b4e485c3748a04d9d76",
                "sha256:0a0956fdc5defc34462bb1c765ee88d933239f9a94bc37d132004775241a7585",
                "sha256:0b052a619a8bfcf26bd8b3f48f45283f9e977890263e4571f2393ed8898d331b",
                "sha256:1394a6ad5abc838c5cd8a92c5a07535648cdf6d09e8e2d6df916dfa9ea86ead8",
                "sha256:1bc723b434fbc4ab50bb68e11e93ce5fb69866ad621e3c2c9bdb0cd70e345f55",
                "sha256:244cf3b97802c34c41905d22810846802a3329ddcb93ccc432870243211c79fc",
                "sha256:25a49dc2e2f74e65efaa32b153527fc5ac98508d502fa46e74fa4fd678ed6645",
                "sha256:2e4440b8f00f504ee4b53fe30f4e381aae30b0568193be305256b1462216feff",
                "sha256:3862b7256046fcd950618ed22d1d60b842e3a40a48236a5498746f21189afbbc",
                "sha256:3eb1ce5f65908556c2d8685a8f0a6e989d887ec4057326f6c22b24e8a172c66b",
                "sha256:3f97cfb1e5a392d75dd8b9fd274d205404729923840ca94ca45a0af57e13dbe6",
                "sha256:493cb4e415f44cd601fcec11c99836f707bb714ab03f5ed46ac25713baf0ff20",
                "sha256:4acc0985ddf39d1bc969a9220b51d94ed51695d455c228d8ac29fcdb25810e6e",
                "sha256:5503c86916d27c2e101b7f71c2ae2cddba01a2cf55b8395b0255fd33fa4d1f1a",
                "sha256:5b7bb9de00197fb4261825c15551adf7605cf14a80badf1761d61e59da347779",
                "sha256:5e9ac5f66616b87d4da618a20ab0a38324dbe88d8a39b55be8964eb520021e02",
                "sha256:620582db2a85b2df5f8a82ddeb52116560d7e5e6b055095f04ad828d1b0baa39",
                "sha256:62cc1afda735a8d109007164714e73771b499768b9bb5afcbbee9d0ff374b43f",
                "sha256:70ad9e5c6cb9b8487280a02c0ad8a51581dcbbe8484ce058477692a27c151c0a",
                "sha256:72b9e656e340447f827885b8d7a15fc8c4e68d410dc2297ef6787eec0f0ea409",
                "sha256:72cbcfd54df6caf85cc35264c77ede902452d6df41166010262374155947460c",
                "sha256:792e5c12376594bfcb986ebf3855aa4b7c225754e9a9521298e460e92fb4a488",
                "sha256:7b7017b61bbcdd7f6363aeceb881e23c46583739cb69a3ab39cb384f6ec82e5b",
                "sha256:81f8d5c81e483a9442d72d182e1fb6dcb9723f289a57e8030811bac9ea3fef8d",
                "sha256:82aafa8d5eb68c8463b6e9baeb4f19043bb31fefc03eb7b216b51e6a9981ae09",
                "sha256:84c471a734240653a0ec91dec0996696eea227eafe72a33bd06c92697728046b",
                "sha256:8c803ac3c28bbc53763e6825746f05cc407b20e4a69d0122e526a582e3b5e153",
                "sha256:93ce9e955cc95959df98505e4608ad98281fff037350d8c2671c9aa86bcf10a9",
                "sha256:9a3e5ddc44c14042f0844b8cf7d2cd455f6cc80fd7f5eefbe657292cf601d9ad",
                "sha256:a4901622493f88b1a29bd30ec1a2f683782e57c3c16a2dbc7f2595ba01f639df",
                "sha256:a5a4532a12314149d8b4e4ad8ff09dde7427731fcfa5917ff16d0291f13609df",
                "sha256:b8831cb7332eda5dc89b21a7bce7ef6ad305548820595033a4b03cf3091235ed",
                "sha256:b8e2f83c56e141920c39464b852de3719dfbfb6e3c99a2d8da0edf4fb33176ed",
                "sha256:c70e94281588ef053ae8998039610dbd71bc509e4acbc77ab59d7d2937b10698",
                "sha256:c8a17b5d948f4ceeceb66384727dde11b240736fddeda54ca740b9b8b1556b29",
                "sha256:d82cdb63100ef5eedb8391732375e6d05993b765f72cb34311fab92103314649",
                "sha256:d89363f02658e253dbd171f7c3716a5d340a24ee82d38aab9183f7fdf0cdca49",
                "sha256:d99ec152570e4196772e7a8e4ba5320d2d27bf22fdf11743dd882936ed64305b",
                "sha256:ddc4d832a0f0b4c52fff973a0d44b6c99839a9d016fe4e6a1cb8f3eea96479c2",
                "sha256:e3dacecfbeec9a33e932f00c6cd7996e62f53ad46fbe677577394aaa90ee419a",
                "sha256:eb9fc393f3c61f9054e1ed26e6fe912c7321af2f41ff49d3f83d05bacf22cc78"
            ],
            "markers": "python_version >= '3.6'",
            "version": "==8.4.0"
        },
        "pot": {
            "hashes": [
                "sha256:01c3b743496f001dfbea7686100cd0800199e73a6111e6f8cdc68ebba7f63019",
                "sha256:03ed9729ce8237d9e2ddbd6682c5de7b7f1a8290ffb03368bbd3d52d95bcc9d4",
                "sha256:067ec9744427b078f3dae1cd4028c389a5601415a881fc29fa4b35d20b8d7042",
                "sha256:0871fd84ffaa91d8727a38d7d3a13d2e2789ad8e1cdd851fec3c4e425d71159d",
                "sha256:167dd8c3deb0007c1de1da1234c631df65bdc8c2dfaeff2ebd57758bdaf0b905",
                "sha256:16e31261c7065eba5ec017017199d44d93c1955cf14dc6b3428aa747d78932f1",
                "sha256:1e3f02f9e0677be00c92785068f9732bf9b4cf958ee2d64ce4c27069c906aee7",
                "sha256:36e1ec137801d309623aeaf62f954825d7211ca73b06d2ff68136bb279be6814",
                "sha256:37224ba88f158f8fddfa2ca1bb69bca27f635c5e3306be825f6c161f43deee0f",
                "sha256:37da3e79e95dbe9e631e50ff61bbef33d0dbcde5a3d00bce9ae42f2ebfe7826f",
                "sha256:44c4b008ffa4b43a6bfb95679d60a555c8f87bf9da50ea0e93917633798e4bf1",
                "sha256:44dc30ff73b50a78688f9fbcd83cd40feb035157870ed25b0fa2112156a02fe2",
                "sha256:4bea9346aa27f0b99973a6a01260521cc5a628309be9797f32547b95bab390cc",
                "sha256:520964977e147319ac10c3220d8fc8da5fc402652a59fc096a64a02f1db96342",
                "sha256:533303f4e55b4fa959e048394c16a0aa6dab23322fbca4fafd693e0d93ab031e",
                "sha256:57e470a1d250f2474661c554f46ece13c4a33c4aab713ca49fd919dc338e316b",
                "sha256:5e944ca0bd525c962bf00b8ac076557417759a6d52682ddf5bd41f3d2ab948f1",
                "sha256:602807a460ac6c26487261bb90980a38384a7316a0195f889da9b633376506f6",
                "sha256:69ec3eaa1f28c702a5c4051e255a8b85ce4ed23c83dc63951eb32d5fb9d276c4",
                "sha256:740479d7ad901e42cc8f1aeca0a8d5411c1bf6fd9a5a97b9914b67a873b18129",
                "sha256:74e801621c1e0e60f74860ac2e8dc188f273bbb2fdee98cf1828869032fc019f",
                "sha256:760964f7021c1fc341b44c30b024062c3aa398829ce88af514664961e7dea33c",
                "sha256:8506c784cd35b65f3e3ac61c4779c8fb78bb111ff657a8bc895b276a12c33caa",
                "sha256:8aee6281dafaf4426004d2ca1db7d28225cf7fa2de322758410a35ab41741d4d",
                "sha256:9785c40877443c80a66cf3c5043607d42b2ebce83e431a7f3b3c02b49ac94a45",
                "sha256:9feb7162433e05054d0bdc152b589afbcf4f51aeb79aeb681ed45e10cc926d8e",
                "sha256:a423a0f9ddec4f4ece0ad751af4d680e08f7bfc41b1148d5c2d47e509a00a08c",
                "sha256:a70e092ddc5a29a4b526192750604a634dfc2faa1641664b4c2c1c00b3cd63cf",
                "sha256:b4c2893218342812420fdd2d84a67fdf162d9973d0fbc2c4131e3e9cd9238a03",
                "sha256:b79378e96c9a47eebb5fff952dffa09ae3121cb402b300da8925d9c4302035a6",
                "sha256:b87032c68fde109c44b5f4c82df2c2cdb107f93c2228ec1dfb49e4d4de310a10",
                "sha256:c72b71c30ccfa745acf9564e4bdc54afac21de0d3e815df9532663c4b1034d27",
                "sha256:d34d9c4c11dba01b8e7cc26767b8cd6e148a89d350e212a32929247c484e34ed",
                "sha256:da32807e8fdda0fa880b6451d8f77f34bfa74e830b3500cc189e889d341a3879",
                "sha256:e097b22930cf4d2df489575d240183bb2f35db2a0ca9b4d12a4b92293f89eef1",
                "sha256:f9fb32d1e65bfb81430c089061fc2b1221c0191aebb6607ce46c80dbd38fd975",
                "sha256:fdc83bf2300dcc07cddb0947627d2273d551c67ca130a54f1ff7e2f61f9062ce"
            ],
            "index": "pypi",
            "version": "==0.8.0"
        },
        "python-dateutil": {
            "hashes": [
                "sha256:0123cacc1627ae19ddf3c27a5de5bd67ee4586fbdd6440d9748f8abb483d3e86",
                "sha256:961d03dc3453ebbc59dbdea9e4e11c5651520a876d0f4db161e8674aae935da9"
            ],
            "markers": "python_version >= '2.7' and python_version not in '3.0, 3.1, 3.2, 3.3'",
            "version": "==2.8.2"
        },
        "pytz": {
            "hashes": [
                "sha256:3672058bc3453457b622aab7a1c3bfd5ab0bdae451512f6cf25f64ed37f5b87c",
                "sha256:acad2d8b20a1af07d4e4c9d2e9285c5ed9104354062f275f3fcd88dcef4f1326"
            ],
            "version": "==2021.3"
        },
        "scipy": {
            "hashes": [
                "sha256:2a0eeaab01258e0870c4022a6cd329aef3b7c6c2b606bd7cf7bb2ba9820ae561",
                "sha256:3304bd5bc32e00954ac4b3f4cc382ca8824719bf348aacbec6347337d6b125fe",
                "sha256:3f52470e0548cdb74fb8ddf06773ffdcca7c97550f903b1c51312ec19243a7f7",
                "sha256:4729b41a4cdaf4cd011aeac816b532f990bdf97710cef59149d3e293115cf467",
                "sha256:4ee952f39a4a4c7ba775a32b664b1f4b74818548b65f765987adc14bb78f5802",
                "sha256:611f9cb459d0707dd8e4de0c96f86e93f61aac7475fcb225e9ec71fecdc5cebf",
                "sha256:6b47d5fa7ea651054362561a28b1ccc8da9368a39514c1bbf6c0977a1c376764",
                "sha256:71cfc96297617eab911e22216e8a8597703202e95636d9406df9af5c2ac99a2b",
                "sha256:787749110a23502031fb1643c55a2236c99c6b989cca703ea2114d65e21728ef",
                "sha256:90c07ba5f34f33299a428b0d4fa24c30d2ceba44d63f8385b2b05be460819fcb",
                "sha256:a496b42dbcd04ea9924f5e92be63af3d8e0f43a274b769bfaca0a297327d54ee",
                "sha256:bc61e3e5ff92d2f32bb263621d54a9cff5e3f7c420af3d1fa122ce2529de2bd9",
                "sha256:c9951e3746b68974125e5e3445008a4163dd6d20ae0bbdae22b38cb8951dc11b",
                "sha256:d1388fbac9dd591ea630da75c455f4cc637a7ca5ecb31a6b6cef430914749cde",
                "sha256:d13f31457f2216e5705304d9f28e2826edf75487410a57aa99263fa4ffd792c2",
                "sha256:d648aa85dd5074b1ed83008ae987c3fbb53d68af619fce1dee231f4d8bd40e2f",
                "sha256:da9c6b336e540def0b7fd65603da8abeb306c5fc9a5f4238665cbbb5ff95cf58",
                "sha256:e101bceeb9e65a90dadbc5ca31283403a2d4667b9c178db29109750568e8d112",
                "sha256:efdd3825d54c58df2cc394366ca4b9166cf940a0ebddeb87b6c10053deb625ea"
            ],
            "index": "pypi",
            "version": "==1.7.1"
        },
        "six": {
            "hashes": [
                "sha256:1e61c37477a1626458e36f7b1d82aa5c9b094fa4802892072e49de9c60c4c926",
                "sha256:8abb2f1d86890a2dfb989f9a77cfcfd3e47c2a354b01111771326f8aa26e0254"
            ],
            "markers": "python_version >= '2.7' and python_version not in '3.0, 3.1, 3.2, 3.3'",
            "version": "==1.16.0"
        },
        "torch": {
            "hashes": [
                "sha256:034df0b20603bfc81325094586647302891b9b20be7e36f152c7dd6af00deac1",
                "sha256:13e1ffab502aa32d6841a018771b47028d02dbbc685c5b79cfd61db5464dae4e",
                "sha256:3c0a942e0df104c80b0eedc30d2a19cdc3d28601bc6e280bf24b2e6255016d3b",
                "sha256:4499055547087d7ef7e8a754f09c2c4f1470297ae3e5490363dba66c75501b21",
                "sha256:56022b0ce94c54e95a2f63fc5a1494feb1fc3d5c7a9b35a62944651d03edef05",
                "sha256:67fc509e207b8e7330f2e76e77800950317d31d035a4d19593db991962afead4",
                "sha256:9013002adcb42bac05dcdbf0a03dd9f6bb5d7ab8b9817041c1176a014870786b",
                "sha256:ab0cf330714c8f79a837c04784a7a5658b014cf5a4ca527e7b710155ae519cdf",
                "sha256:aef7afb62e9b174b4e0e5e1e4a42e3bab3b8490a668d666f62f7d4517559fbf2",
                "sha256:b812e8d40d7037748da40bb695bd849e7b2e7faad4cd06df53d2cc4531926fda",
                "sha256:ca2c88fa4376e2648785029ab108e6e7abd784eb6535fc6036004b9254f9f7c1",
                "sha256:d6185827b285780653cdd81d77a09fdca76a5b190d5986d552be2a5c442cfaa4",
                "sha256:d6ef87470b44df9970e84542547d5ba7720bb89616602441df555a39b124e2bc",
                "sha256:d82e68302c9b5c76ed585e04d61be0ca2184f70cb8ffeba8610570609ad5d7c9",
                "sha256:e01ba5946267014abfdb30248bcdbd457aaa20cff749febe7fc191e5ae096af4",
                "sha256:e5822200bf80a1495ad98a2bb41803eeba4a85ce373e35fc65765f7f888f5374",
                "sha256:eea16c01af1980ba709c00e8d5e6c09bedb5b30f9fa2085f6a52a78d7dc4e125",
                "sha256:eea675ec01ec4b4a0655fd2984f166a5ca3b933dae6ad4eb4e52eba7026dc176"
            ],
            "markers": "python_full_version >= '3.6.2'",
            "version": "==1.10.0"
        },
        "torchvision": {
            "hashes": [
                "sha256:0c3bb474e298f3655f419e0f13a0c1ca0ef89f43e0f3f7b7ef603f3f1728543a",
                "sha256:11e0b162f7a8ee7fa959b9e0f2a15fb858af0b2e6f79f5a0527db55327241d26",
                "sha256:18f9e1d571be810ee9a4b8604f88748e5eb4e545171f0167ad734bf080eacf2d",
                "sha256:1fde05a1cc41f1fa3771723aad2435eb745513534209e51b349b009769895586",
                "sha256:3c1ba63eaf36d8dff7e0326dc61a73dbb100530ad4231c56427002689cada00b",
                "sha256:4e41b0a35587d2284468eddff31642704d4b218ea0e5505bb60881a94d2688e6",
                "sha256:597d82e9b186f59695ea19ff96d4b46b74f0be52227b0a77d7cf9a9d20e6801c",
                "sha256:5dec0014240f93c17837b37a194c6a35ba99da9c3b7c5b8341f7fb2bcc676e04",
                "sha256:6ac7aa49f81cdab4176131c3004bc86a5e5525d0be430172c78e6e2bb604e675",
                "sha256:73fae784c31a5ec7ddddefe0ba36ff3fac5131dc9c8babae3fab4ea9885b682a",
                "sha256:75ea4c021e348315a655b3f94734d9ddaf5650a7ace53759dff38a13469c7cfa",
                "sha256:7d28c1cd3f8f470c5faf46b426969d9db1113aa9414fc5a3056e20c7cf91a746",
                "sha256:8bb26e3856f163d9fe9287ad19105e93368e1c1d70d58101a9370d0acdb12865",
                "sha256:99c92a02832e84e51c47e303a76e57e09776abf5009b046e9269ea7387d5aadb",
                "sha256:b56285c3da0abd11cdf86cad82c4aebbb57ab6975673a4f87d686c612dda66b7",
                "sha256:f0be815759290ad81cafdab17973b040f8317fc59c740ad67948ebb9271e763c"
            ],
            "index": "pypi",
            "version": "==0.11.1"
        },
        "tqdm": {
            "hashes": [
                "sha256:8dd278a422499cd6b727e6ae4061c40b48fce8b76d1ccbf5d34fca9b7f925b0c",
                "sha256:d359de7217506c9851b7869f3708d8ee53ed70a1b8edbba4dbcb47442592920d"
            ],
            "index": "pypi",
            "version": "==4.62.3"
        },
        "typing-extensions": {
            "hashes": [
                "sha256:49f75d16ff11f1cd258e1b988ccff82a3ca5570217d7ad8c5f48205dd99a677e",
                "sha256:d8226d10bc02a29bcc81df19a26e56a9647f8b0a6d4a83924139f4a8b01f17b7",
                "sha256:f1d25edafde516b146ecd0613dabcc61409817af4766fbbcfb8d1ad4ec441a34"
            ],
            "version": "==3.10.0.2"
        }
    },
    "develop": {}
}
